
Microsoft Visual Studio Solution File, Format Version 12.00
# Visual Studio Version 17
VisualStudioVersion = 17.11.35327.3
MinimumVisualStudioVersion = 10.0.40219.1
Project("{9A19103F-16F7-4668-BE54-9A1E7A4F7556}") = "6-webSocket", "6-WebSocket\6-webSocket.csproj", "{20562F38-DFA7-4A85-9767-FE55F3669BD6}"
EndProject
Project("{FAE04EC0-301F-11D3-BF4B-00C04F79EFBC}") = "Client", "Client\Client.csproj", "{A0B4785D-AFDB-4A0D-AE36-89DCBE067802}"
EndProject
Global
	GlobalSection(SolutionConfigurationPlatforms) = preSolution
		Debug|Any CPU = Debug|Any CPU
		Release|Any CPU = Release|Any CPU
	EndGlobalSection
	GlobalSection(ProjectConfigurationPlatforms) = postSolution
		{20562F38-DFA7-4A85-9767-FE55F3669BD6}.Debug|Any CPU.ActiveCfg = Debug|Any CPU
		{20562F38-DFA7-4A85-9767-FE55F3669BD6}.Debug|Any CPU.Build.0 = Debug|Any CPU
		{20562F38-DFA7-4A85-9767-FE55F3669BD6}.Release|Any CPU.ActiveCfg = Release|Any CPU
		{20562F38-DFA7-4A85-9767-FE55F3669BD6}.Release|Any CPU.Build.0 = Release|Any CPU
		{A0B4785D-AFDB-4A0D-AE36-89DCBE067802}.Debug|Any CPU.ActiveCfg = Debug|Any CPU
		{A0B4785D-AFDB-4A0D-AE36-89DCBE067802}.Debug|Any CPU.Build.0 = Debug|Any CPU
		{A0B4785D-AFDB-4A0D-AE36-89DCBE067802}.Release|Any CPU.ActiveCfg = Release|Any CPU
		{A0B4785D-AFDB-4A0D-AE36-89DCBE067802}.Release|Any CPU.Build.0 = Release|Any CPU
	EndGlobalSection
	GlobalSection(SolutionProperties) = preSolution
		HideSolutionNode = FALSE
	EndGlobalSection
	GlobalSection(ExtensibilityGlobals) = postSolution
		SolutionGuid = {C1379338-A709-400D-8DD8-D11017A03FC1}
	EndGlobalSection
EndGlobal
